
Microsoft Visual Studio Solution File, Format Version 12.00
# Visual Studio Version 16
VisualStudioVersion = 16.0.31112.23
MinimumVisualStudioVersion = 10.0.40219.1
Project("{FAE04EC0-301F-11D3-BF4B-00C04F79EFBC}") = "Tucil3Stima", "Tucil3Stima\Tucil3Stima.csproj", "{834EED47-1039-462F-96C5-6F249FD42012}"
EndProject
Global
	GlobalSection(SolutionConfigurationPlatforms) = preSolution
		Debug|Any CPU = Debug|Any CPU
		Release|Any CPU = Release|Any CPU
	EndGlobalSection
	GlobalSection(ProjectConfigurationPlatforms) = postSolution
		{834EED47-1039-462F-96C5-6F249FD42012}.Debug|Any CPU.ActiveCfg = Debug|Any CPU
		{834EED47-1039-462F-96C5-6F249FD42012}.Debug|Any CPU.Build.0 = Debug|Any CPU
		{834EED47-1039-462F-96C5-6F249FD42012}.Release|Any CPU.ActiveCfg = Release|Any CPU
		{834EED47-1039-462F-96C5-6F249FD42012}.Release|Any CPU.Build.0 = Release|Any CPU
	EndGlobalSection
	GlobalSection(SolutionProperties) = preSolution
		HideSolutionNode = FALSE
	EndGlobalSection
	GlobalSection(ExtensibilityGlobals) = postSolution
		SolutionGuid = {A4679742-1E34-4CA2-AD73-3DF18D5FE52E}
	EndGlobalSection
EndGlobal
